
Microsoft Visual Studio Solution File, Format Version 12.00
# Visual Studio Version 17
VisualStudioVersion = 17.14.36327.8
MinimumVisualStudioVersion = 10.0.40219.1
Project("{FAE04EC0-301F-11D3-BF4B-00C04F79EFBC}") = "Company.API", "Company.API\Company.API.csproj", "{36DC5C02-E501-4D30-B187-15CB69912C04}"
EndProject
Project("{FAE04EC0-301F-11D3-BF4B-00C04F79EFBC}") = "Company.WebApp", "Company.WebApp\Company.WebApp.csproj", "{78B3174B-2DBD-4539-A2DF-DEB04896DED2}"
EndProject
Project("{FAE04EC0-301F-11D3-BF4B-00C04F79EFBC}") = "Company.Client", "Company.Client\Company.Client.csproj", "{DFE28B1A-F0BB-4007-BB29-22190B7D8848}"
EndProject
Global
	GlobalSection(SolutionConfigurationPlatforms) = preSolution
		Debug|Any CPU = Debug|Any CPU
		Release|Any CPU = Release|Any CPU
	EndGlobalSection
	GlobalSection(ProjectConfigurationPlatforms) = postSolution
		{36DC5C02-E501-4D30-B187-15CB69912C04}.Debug|Any CPU.ActiveCfg = Debug|Any CPU
		{36DC5C02-E501-4D30-B187-15CB69912C04}.Debug|Any CPU.Build.0 = Debug|Any CPU
		{36DC5C02-E501-4D30-B187-15CB69912C04}.Release|Any CPU.ActiveCfg = Release|Any CPU
		{36DC5C02-E501-4D30-B187-15CB69912C04}.Release|Any CPU.Build.0 = Release|Any CPU
		{78B3174B-2DBD-4539-A2DF-DEB04896DED2}.Debug|Any CPU.ActiveCfg = Debug|Any CPU
		{78B3174B-2DBD-4539-A2DF-DEB04896DED2}.Debug|Any CPU.Build.0 = Debug|Any CPU
		{78B3174B-2DBD-4539-A2DF-DEB04896DED2}.Release|Any CPU.ActiveCfg = Release|Any CPU
		{78B3174B-2DBD-4539-A2DF-DEB04896DED2}.Release|Any CPU.Build.0 = Release|Any CPU
		{DFE28B1A-F0BB-4007-BB29-22190B7D8848}.Debug|Any CPU.ActiveCfg = Debug|Any CPU
		{DFE28B1A-F0BB-4007-BB29-22190B7D8848}.Debug|Any CPU.Build.0 = Debug|Any CPU
		{DFE28B1A-F0BB-4007-BB29-22190B7D8848}.Release|Any CPU.ActiveCfg = Release|Any CPU
		{DFE28B1A-F0BB-4007-BB29-22190B7D8848}.Release|Any CPU.Build.0 = Release|Any CPU
	EndGlobalSection
	GlobalSection(SolutionProperties) = preSolution
		HideSolutionNode = FALSE
	EndGlobalSection
	GlobalSection(ExtensibilityGlobals) = postSolution
		SolutionGuid = {3D731359-632E-434F-AF63-280E5FC7F858}
	EndGlobalSection
EndGlobal
